// !$*UTF8*$!
{
	archiveVersion = 1;
	classes = {
	};
	objectVersion = 56;
	objects = {

/* Begin PBXBuildFile section */
		F2B7C7DB2BFC962700289100 /* AppDelegate.swift in Sources */ = {isa = PBXBuildFile; fileRef = F2B7C7DA2BFC962700289100 /* AppDelegate.swift */; };
		F2B7C7DD2BFC962700289100 /* SceneDelegate.swift in Sources */ = {isa = PBXBuildFile; fileRef = F2B7C7DC2BFC962700289100 /* SceneDelegate.swift */; };
		F2B7C7DF2BFC962700289100 /* ViewController.swift in Sources */ = {isa = PBXBuildFile; fileRef = F2B7C7DE2BFC962700289100 /* ViewController.swift */; };
		F2B7C7E22BFC962700289100 /* Main.storyboard in Resources */ = {isa = PBXBuildFile; fileRef = F2B7C7E02BFC962700289100 /* Main.storyboard */; };
		F2B7C7E42BFC962800289100 /* Assets.xcassets in Resources */ = {isa = PBXBuildFile; fileRef = F2B7C7E32BFC962800289100 /* Assets.xcassets */; };
		F2B7C7E72BFC962800289100 /* LaunchScreen.storyboard in Resources */ = {isa = PBXBuildFile; fileRef = F2B7C7E52BFC962800289100 /* LaunchScreen.storyboard */; };
		F2B7C7F12BFC980D00289100 /* BaseViewController.swift in Sources */ = {isa = PBXBuildFile; fileRef = F2B7C7F02BFC980D00289100 /* BaseViewController.swift */; };
		F2B7C7F42BFC988000289100 /* Day1.swift in Sources */ = {isa = PBXBuildFile; fileRef = F2B7C7F32BFC988000289100 /* Day1.swift */; };
		F2B7C7F82BFDB99F00289100 /* Day2.swift in Sources */ = {isa = PBXBuildFile; fileRef = F2B7C7F72BFDB99F00289100 /* Day2.swift */; };
		F2B7C7FA2BFDBABC00289100 /* AAPLShaders.metal in Sources */ = {isa = PBXBuildFile; fileRef = F2B7C7F92BFDBABC00289100 /* AAPLShaders.metal */; };
/* End PBXBuildFile section */

/* Begin PBXFileReference section */
		F2B7C7D72BFC962700289100 /* LearnMetalKit.app */ = {isa = PBXFileReference; explicitFileType = wrapper.application; includeInIndex = 0; path = LearnMetalKit.app; sourceTree = BUILT_PRODUCTS_DIR; };
		F2B7C7DA2BFC962700289100 /* AppDelegate.swift */ = {isa = PBXFileReference; lastKnownFileType = sourcecode.swift; path = AppDelegate.swift; sourceTree = "<group>"; };
		F2B7C7DC2BFC962700289100 /* SceneDelegate.swift */ = {isa = PBXFileReference; lastKnownFileType = sourcecode.swift; path = SceneDelegate.swift; sourceTree = "<group>"; };
		F2B7C7DE2BFC962700289100 /* ViewController.swift */ = {isa = PBXFileReference; lastKnownFileType = sourcecode.swift; path = ViewController.swift; sourceTree = "<group>"; };
		F2B7C7E12BFC962700289100 /* Base */ = {isa = PBXFileReference; lastKnownFileType = file.storyboard; name = Base; path = Base.lproj/Main.storyboard; sourceTree = "<group>"; };
		F2B7C7E32BFC962800289100 /* Assets.xcassets */ = {isa = PBXFileReference; lastKnownFileType = folder.assetcatalog; path = Assets.xcassets; sourceTree = "<group>"; };
		F2B7C7E62BFC962800289100 /* Base */ = {isa = PBXFileReference; lastKnownFileType = file.storyboard; name = Base; path = Base.lproj/LaunchScreen.storyboard; sourceTree = "<group>"; };
		F2B7C7E82BFC962800289100 /* Info.plist */ = {isa = PBXFileReference; lastKnownFileType = text.plist.xml; path = Info.plist; sourceTree = "<group>"; };
		F2B7C7F02BFC980D00289100 /* BaseViewController.swift */ = {isa = PBXFileReference; lastKnownFileType = sourcecode.swift; path = BaseViewController.swift; sourceTree = "<group>"; };
		F2B7C7F32BFC988000289100 /* Day1.swift */ = {isa = PBXFileReference; lastKnownFileType = sourcecode.swift; path = Day1.swift; sourceTree = "<group>"; };
		F2B7C7F72BFDB99F00289100 /* Day2.swift */ = {isa = PBXFileReference; lastKnownFileType = sourcecode.swift; path = Day2.swift; sourceTree = "<group>"; };
		F2B7C7F92BFDBABC00289100 /* AAPLShaders.metal */ = {isa = PBXFileReference; fileEncoding = 4; lastKnownFileType = sourcecode.metal; path = AAPLShaders.metal; sourceTree = "<group>"; };
		F2B7C7FB2BFDBD9B00289100 /* LearnMetalKit-Bridging-Header.h */ = {isa = PBXFileReference; lastKnownFileType = sourcecode.c.h; path = "LearnMetalKit-Bridging-Header.h"; sourceTree = "<group>"; };
		F2B7C7FF2BFDBE6A00289100 /* AAPLShaderTypes.h */ = {isa = PBXFileReference; lastKnownFileType = sourcecode.c.h; path = AAPLShaderTypes.h; sourceTree = "<group>"; };
/* End PBXFileReference section */

/* Begin PBXFrameworksBuildPhase section */
		F2B7C7D42BFC962700289100 /* Frameworks */ = {
			isa = PBXFrameworksBuildPhase;
			buildActionMask = 2147483647;
			files = (
			);
			runOnlyForDeploymentPostprocessing = 0;
		};
/* End PBXFrameworksBuildPhase section */

/* Begin PBXGroup section */
		F2B7C7CE2BFC962700289100 = {
			isa = PBXGroup;
			children = (
				F2B7C7D92BFC962700289100 /* LearnMetalKit */,
				F2B7C7D82BFC962700289100 /* Products */,
			);
			sourceTree = "<group>";
		};
		F2B7C7D82BFC962700289100 /* Products */ = {
			isa = PBXGroup;
			children = (
				F2B7C7D72BFC962700289100 /* LearnMetalKit.app */,
			);
			name = Products;
			sourceTree = "<group>";
		};
		F2B7C7D92BFC962700289100 /* LearnMetalKit */ = {
			isa = PBXGroup;
			children = (
				F2B7C7EF2BFC97CD00289100 /* Base */,
				F2B7C7EE2BFC964200289100 /* Days */,
				F2B7C7DA2BFC962700289100 /* AppDelegate.swift */,
				F2B7C7DC2BFC962700289100 /* SceneDelegate.swift */,
				F2B7C7DE2BFC962700289100 /* ViewController.swift */,
				F2B7C7E02BFC962700289100 /* Main.storyboard */,
				F2B7C7E32BFC962800289100 /* Assets.xcassets */,
				F2B7C7E52BFC962800289100 /* LaunchScreen.storyboard */,
				F2B7C7E82BFC962800289100 /* Info.plist */,
				F2B7C7FB2BFDBD9B00289100 /* LearnMetalKit-Bridging-Header.h */,
			);
			path = LearnMetalKit;
			sourceTree = "<group>";
		};
		F2B7C7EE2BFC964200289100 /* Days */ = {
			isa = PBXGroup;
			children = (
				F2B7C7F32BFC988000289100 /* Day1.swift */,
				F2B7C7F72BFDB99F00289100 /* Day2.swift */,
				F2B7C7F92BFDBABC00289100 /* AAPLShaders.metal */,
				F2B7C7FF2BFDBE6A00289100 /* AAPLShaderTypes.h */,
			);
			path = Days;
			sourceTree = "<group>";
		};
		F2B7C7EF2BFC97CD00289100 /* Base */ = {
			isa = PBXGroup;
			children = (
				F2B7C7F02BFC980D00289100 /* BaseViewController.swift */,
			);
			path = Base;
			sourceTree = "<group>";
		};
/* End PBXGroup section */

/* Begin PBXNativeTarget section */
		F2B7C7D62BFC962700289100 /* LearnMetalKit */ = {
			isa = PBXNativeTarget;
			buildConfigurationList = F2B7C7EB2BFC962800289100 /* Build configuration list for PBXNativeTarget "LearnMetalKit" */;
			buildPhases = (
				F2B7C7D32BFC962700289100 /* Sources */,
				F2B7C7D42BFC962700289100 /* Frameworks */,
				F2B7C7D52BFC962700289100 /* Resources */,
			);
			buildRules = (
			);
			dependencies = (
			);
			name = LearnMetalKit;
			productName = LearnMetalKit;
			productReference = F2B7C7D72BFC962700289100 /* LearnMetalKit.app */;
			productType = "com.apple.product-type.application";
		};
/* End PBXNativeTarget section */

/* Begin PBXProject section */
		F2B7C7CF2BFC962700289100 /* Project object */ = {
			isa = PBXProject;
			attributes = {
				BuildIndependentTargetsInParallel = 1;
				LastSwiftUpdateCheck = 1510;
				LastUpgradeCheck = 1510;
				TargetAttributes = {
					F2B7C7D62BFC962700289100 = {
						CreatedOnToolsVersion = 15.1;
						LastSwiftMigration = 1510;
					};
				};
			};
			buildConfigurationList = F2B7C7D22BFC962700289100 /* Build configuration list for PBXProject "LearnMetalKit" */;
			compatibilityVersion = "Xcode 14.0";
			developmentRegion = en;
			hasScannedForEncodings = 0;
			knownRegions = (
				en,
				Base,
			);
			mainGroup = F2B7C7CE2BFC962700289100;
			productRefGroup = F2B7C7D82BFC962700289100 /* Products */;
			projectDirPath = "";
			projectRoot = "";
			targets = (
				F2B7C7D62BFC962700289100 /* LearnMetalKit */,
			);
		};
/* End PBXProject section */

/* Begin PBXResourcesBuildPhase section */
		F2B7C7D52BFC962700289100 /* Resources */ = {
			isa = PBXResourcesBuildPhase;
			buildActionMask = 2147483647;
			files = (
				F2B7C7E72BFC962800289100 /* LaunchScreen.storyboard in Resources */,
				F2B7C7E42BFC962800289100 /* Assets.xcassets in Resources */,
				F2B7C7E22BFC962700289100 /* Main.storyboard in Resources */,
			);
			runOnlyForDeploymentPostprocessing = 0;
		};
/* End PBXResourcesBuildPhase section */

/* Begin PBXSourcesBuildPhase section */
		F2B7C7D32BFC962700289100 /* Sources */ = {
			isa = PBXSourcesBuildPhase;
			buildActionMask = 2147483647;
			files = (
				F2B7C7DF2BFC962700289100 /* ViewController.swift in Sources */,
				F2B7C7F82BFDB99F00289100 /* Day2.swift in Sources */,
				F2B7C7FA2BFDBABC00289100 /* AAPLShaders.metal in Sources */,
				F2B7C7F42BFC988000289100 /* Day1.swift in Sources */,
				F2B7C7F12BFC980D00289100 /* BaseViewController.swift in Sources */,
				F2B7C7DB2BFC962700289100 /* AppDelegate.swift in Sources */,
				F2B7C7DD2BFC962700289100 /* SceneDelegate.swift in Sources */,
			);
			runOnlyForDeploymentPostprocessing = 0;
		};
/* End PBXSourcesBuildPhase section */

/* Begin PBXVariantGroup section */
		F2B7C7E02BFC962700289100 /* Main.storyboard */ = {
			isa = PBXVariantGroup;
			children = (
				F2B7C7E12BFC962700289100 /* Base */,
			);
			name = Main.storyboard;
			sourceTree = "<group>";
		};
		F2B7C7E52BFC962800289100 /* LaunchScreen.storyboard */ = {
			isa = PBXVariantGroup;
			children = (
				F2B7C7E62BFC962800289100 /* Base */,
			);
			name = LaunchScreen.storyboard;
			sourceTree = "<group>";
		};
/* End PBXVariantGroup section */

/* Begin XCBuildConfiguration section */
		F2B7C7E92BFC962800289100 /* Debug */ = {
			isa = XCBuildConfiguration;
			buildSettings = {
				ALWAYS_SEARCH_USER_PATHS = NO;
				ASSETCATALOG_COMPILER_GENERATE_SWIFT_ASSET_SYMBOL_EXTENSIONS = YES;
				CLANG_ANALYZER_NONNULL = YES;
				CLANG_ANALYZER_NUMBER_OBJECT_CONVERSION = YES_AGGRESSIVE;
				CLANG_CXX_LANGUAGE_STANDARD = "gnu++20";
				CLANG_ENABLE_MODULES = YES;
				CLANG_ENABLE_OBJC_ARC = YES;
				CLANG_ENABLE_OBJC_WEAK = YES;
				CLANG_WARN_BLOCK_CAPTURE_AUTORELEASING = YES;
				CLANG_WARN_BOOL_CONVERSION = YES;
				CLANG_WARN_COMMA = YES;
				CLANG_WARN_CONSTANT_CONVERSION = YES;
				CLANG_WARN_DEPRECATED_OBJC_IMPLEMENTATIONS = YES;
				CLANG_WARN_DIRECT_OBJC_ISA_USAGE = YES_ERROR;
				CLANG_WARN_DOCUMENTATION_COMMENTS = YES;
				CLANG_WARN_EMPTY_BODY = YES;
				CLANG_WARN_ENUM_CONVERSION = YES;
				CLANG_WARN_INFINITE_RECURSION = YES;
				CLANG_WARN_INT_CONVERSION = YES;
				CLANG_WARN_NON_LITERAL_NULL_CONVERSION = YES;
				CLANG_WARN_OBJC_IMPLICIT_RETAIN_SELF = YES;
				CLANG_WARN_OBJC_LITERAL_CONVERSION = YES;
				CLANG_WARN_OBJC_ROOT_CLASS = YES_ERROR;
				CLANG_WARN_QUOTED_INCLUDE_IN_FRAMEWORK_HEADER = YES;
				CLANG_WARN_RANGE_LOOP_ANALYSIS = YES;
				CLANG_WARN_STRICT_PROTOTYPES = YES;
				CLANG_WARN_SUSPICIOUS_MOVE = YES;
				CLANG_WARN_UNGUARDED_AVAILABILITY = YES_AGGRESSIVE;
				CLANG_WARN_UNREACHABLE_CODE = YES;
				CLANG_WARN__DUPLICATE_METHOD_MATCH = YES;
				COPY_PHASE_STRIP = NO;
				DEBUG_INFORMATION_FORMAT = dwarf;
				ENABLE_STRICT_OBJC_MSGSEND = YES;
				ENABLE_TESTABILITY = YES;
				ENABLE_USER_SCRIPT_SANDBOXING = YES;
				GCC_C_LANGUAGE_STANDARD = gnu17;
				GCC_DYNAMIC_NO_PIC = NO;
				GCC_NO_COMMON_BLOCKS = YES;
				GCC_OPTIMIZATION_LEVEL = 0;
				GCC_PREPROCESSOR_DEFINITIONS = (
					"DEBUG=1",
					"$(inherited)",
				);
				GCC_WARN_64_TO_32_BIT_CONVERSION = YES;
				GCC_WARN_ABOUT_RETURN_TYPE = YES_ERROR;
				GCC_WARN_UNDECLARED_SELECTOR = YES;
				GCC_WARN_UNINITIALIZED_AUTOS = YES_AGGRESSIVE;
				GCC_WARN_UNUSED_FUNCTION = YES;
				GCC_WARN_UNUSED_VARIABLE = YES;
				IPHONEOS_DEPLOYMENT_TARGET = 17.2;
				LOCALIZATION_PREFERS_STRING_CATALOGS = YES;
				MTL_ENABLE_DEBUG_INFO = INCLUDE_SOURCE;
				MTL_FAST_MATH = YES;
				ONLY_ACTIVE_ARCH = YES;
				SDKROOT = iphoneos;
				SWIFT_ACTIVE_COMPILATION_CONDITIONS = "DEBUG $(inherited)";
				SWIFT_OPTIMIZATION_LEVEL = "-Onone";
			};
			name = Debug;
		};
		F2B7C7EA2BFC962800289100 /* Release */ = {
			isa = XCBuildConfiguration;
			buildSettings = {
				ALWAYS_SEARCH_USER_PATHS = NO;
				ASSETCATALOG_COMPILER_GENERATE_SWIFT_ASSET_SYMBOL_EXTENSIONS = YES;
				CLANG_ANALYZER_NONNULL = YES;
				CLANG_ANALYZER_NUMBER_OBJECT_CONVERSION = YES_AGGRESSIVE;
				CLANG_CXX_LANGUAGE_STANDARD = "gnu++20";
				CLANG_ENABLE_MODULES = YES;
				CLANG_ENABLE_OBJC_ARC = YES;
				CLANG_ENABLE_OBJC_WEAK = YES;
				CLANG_WARN_BLOCK_CAPTURE_AUTORELEASING = YES;
				CLANG_WARN_BOOL_CONVERSION = YES;
				CLANG_WARN_COMMA = YES;
				CLANG_WARN_CONSTANT_CONVERSION = YES;
				CLANG_WARN_DEPRECATED_OBJC_IMPLEMENTATIONS = YES;
				CLANG_WARN_DIRECT_OBJC_ISA_USAGE = YES_ERROR;
				CLANG_WARN_DOCUMENTATION_COMMENTS = YES;
				CLANG_WARN_EMPTY_BODY = YES;
				CLANG_WARN_ENUM_CONVERSION = YES;
				CLANG_WARN_INFINITE_RECURSION = YES;
				CLANG_WARN_INT_CONVERSION = YES;
				CLANG_WARN_NON_LITERAL_NULL_CONVERSION = YES;
				CLANG_WARN_OBJC_IMPLICIT_RETAIN_SELF = YES;
				CLANG_WARN_OBJC_LITERAL_CONVERSION = YES;
				CLANG_WARN_OBJC_ROOT_CLASS = YES_ERROR;
				CLANG_WARN_QUOTED_INCLUDE_IN_FRAMEWORK_HEADER = YES;
				CLANG_WARN_RANGE_LOOP_ANALYSIS = YES;
				CLANG_WARN_STRICT_PROTOTYPES = YES;
				CLANG_WARN_SUSPICIOUS_MOVE = YES;
				CLANG_WARN_UNGUARDED_AVAILABILITY = YES_AGGRESSIVE;
				CLANG_WARN_UNREACHABLE_CODE = YES;
				CLANG_WARN__DUPLICATE_METHOD_MATCH = YES;
				COPY_PHASE_STRIP = NO;
				DEBUG_INFORMATION_FORMAT = "dwarf-with-dsym";
				ENABLE_NS_ASSERTIONS = NO;
				ENABLE_STRICT_OBJC_MSGSEND = YES;
				ENABLE_USER_SCRIPT_SANDBOXING = YES;
				GCC_C_LANGUAGE_STANDARD = gnu17;
				GCC_NO_COMMON_BLOCKS = YES;
				GCC_WARN_64_TO_32_BIT_CONVERSION = YES;
				GCC_WARN_ABOUT_RETURN_TYPE = YES_ERROR;
				GCC_WARN_UNDECLARED_SELECTOR = YES;
				GCC_WARN_UNINITIALIZED_AUTOS = YES_AGGRESSIVE;
				GCC_WARN_UNUSED_FUNCTION = YES;
				GCC_WARN_UNUSED_VARIABLE = YES;
				IPHONEOS_DEPLOYMENT_TARGET = 17.2;
				LOCALIZATION_PREFERS_STRING_CATALOGS = YES;
				MTL_ENABLE_DEBUG_INFO = NO;
				MTL_FAST_MATH = YES;
				SDKROOT = iphoneos;
				SWIFT_COMPILATION_MODE = wholemodule;
				VALIDATE_PRODUCT = YES;
			};
			name = Release;
		};
		F2B7C7EC2BFC962800289100 /* Debug */ = {
			isa = XCBuildConfiguration;
			buildSettings = {
				ASSETCATALOG_COMPILER_APPICON_NAME = AppIcon;
				ASSETCATALOG_COMPILER_GLOBAL_ACCENT_COLOR_NAME = AccentColor;
				CLANG_ENABLE_MODULES = YES;
				CODE_SIGN_STYLE = Automatic;
				CURRENT_PROJECT_VERSION = 1;
				DEVELOPMENT_TEAM = 99F84FJW57;
				GENERATE_INFOPLIST_FILE = YES;
				INFOPLIST_FILE = LearnMetalKit/Info.plist;
				INFOPLIST_KEY_UIApplicationSupportsIndirectInputEvents = YES;
				INFOPLIST_KEY_UILaunchStoryboardName = LaunchScreen;
				INFOPLIST_KEY_UIMainStoryboardFile = Main;
				INFOPLIST_KEY_UISupportedInterfaceOrientations_iPad = "UIInterfaceOrientationPortrait UIInterfaceOrientationPortraitUpsideDown UIInterfaceOrientationLandscapeLeft UIInterfaceOrientationLandscapeRight";
				INFOPLIST_KEY_UISupportedInterfaceOrientations_iPhone = "UIInterfaceOrientationPortrait UIInterfaceOrientationLandscapeLeft UIInterfaceOrientationLandscapeRight";
				IPHONEOS_DEPLOYMENT_TARGET = 16.0;
				LD_RUNPATH_SEARCH_PATHS = (
					"$(inherited)",
					"@executable_path/Frameworks",
				);
				MARKETING_VERSION = 1.0;
				PRODUCT_BUNDLE_IDENTIFIER = yolosolo.LearnMetalKit;
				PRODUCT_NAME = "$(TARGET_NAME)";
				SWIFT_EMIT_LOC_STRINGS = YES;
				SWIFT_OBJC_BRIDGING_HEADER = "LearnMetalKit/LearnMetalKit-Bridging-Header.h";
				SWIFT_OPTIMIZATION_LEVEL = "-Onone";
				SWIFT_VERSION = 5.0;
				TARGETED_DEVICE_FAMILY = "1,2";
			};
			name = Debug;
		};
		F2B7C7ED2BFC962800289100 /* Release */ = {
			isa = XCBuildConfiguration;
			buildSettings = {
				ASSETCATALOG_COMPILER_APPICON_NAME = AppIcon;
				ASSETCATALOG_COMPILER_GLOBAL_ACCENT_COLOR_NAME = AccentColor;
				CLANG_ENABLE_MODULES = YES;
				CODE_SIGN_STYLE = Automatic;
				CURRENT_PROJECT_VERSION = 1;
				DEVELOPMENT_TEAM = 99F84FJW57;
				GENERATE_INFOPLIST_FILE = YES;
				INFOPLIST_FILE = LearnMetalKit/Info.plist;
				INFOPLIST_KEY_UIApplicationSupportsIndirectInputEvents = YES;
				INFOPLIST_KEY_UILaunchStoryboardName = LaunchScreen;
				INFOPLIST_KEY_UIMainStoryboardFile = Main;
				INFOPLIST_KEY_UISupportedInterfaceOrientations_iPad = "UIInterfaceOrientationPortrait UIInterfaceOrientationPortraitUpsideDown UIInterfaceOrientationLandscapeLeft UIInterfaceOrientationLandscapeRight";
				INFOPLIST_KEY_UISupportedInterfaceOrientations_iPhone = "UIInterfaceOrientationPortrait UIInterfaceOrientationLandscapeLeft UIInterfaceOrientationLandscapeRight";
				IPHONEOS_DEPLOYMENT_TARGET = 16.0;
				LD_RUNPATH_SEARCH_PATHS = (
					"$(inherited)",
					"@executable_path/Frameworks",
				);
				MARKETING_VERSION = 1.0;
				PRODUCT_BUNDLE_IDENTIFIER = yolosolo.LearnMetalKit;
				PRODUCT_NAME = "$(TARGET_NAME)";
				SWIFT_EMIT_LOC_STRINGS = YES;
				SWIFT_OBJC_BRIDGING_HEADER = "LearnMetalKit/LearnMetalKit-Bridging-Header.h";
				SWIFT_VERSION = 5.0;
				TARGETED_DEVICE_FAMILY = "1,2";
			};
			name = Release;
		};
/* End XCBuildConfiguration section */

/* Begin XCConfigurationList section */
		F2B7C7D22BFC962700289100 /* Build configuration list for PBXProject "LearnMetalKit" */ = {
			isa = XCConfigurationList;
			buildConfigurations = (
				F2B7C7E92BFC962800289100 /* Debug */,
				F2B7C7EA2BFC962800289100 /* Release */,
			);
			defaultConfigurationIsVisible = 0;
			defaultConfigurationName = Release;
		};
		F2B7C7EB2BFC962800289100 /* Build configuration list for PBXNativeTarget "LearnMetalKit" */ = {
			isa = XCConfigurationList;
			buildConfigurations = (
				F2B7C7EC2BFC962800289100 /* Debug */,
				F2B7C7ED2BFC962800289100 /* Release */,
			);
			defaultConfigurationIsVisible = 0;
			defaultConfigurationName = Release;
		};
/* End XCConfigurationList section */
	};
	rootObject = F2B7C7CF2BFC962700289100 /* Project object */;
}
